// !$*UTF8*$!
{
	archiveVersion = 1;
	classes = {
	};
	objectVersion = 56;
	objects = {

/* Begin PBXBuildFile section */
		F4D0FB682D332D4300220C36 /* iPadScribbleScriptApp.swift in Sources */ = {isa = PBXBuildFile; fileRef = F4D0FB672D332D4300220C36 /* iPadScribbleScriptApp.swift */; };
		F4D0FB6A2D332D4300220C36 /* ContentView.swift in Sources */ = {isa = PBXBuildFile; fileRef = F4D0FB692D332D4300220C36 /* ContentView.swift */; };
		F4D0FB6C2D332D4600220C36 /* Assets.xcassets in Resources */ = {isa = PBXBuildFile; fileRef = F4D0FB6B2D332D4600220C36 /* Assets.xcassets */; };
		F4D0FB6F2D332D4600220C36 /* Preview Assets.xcassets in Resources */ = {isa = PBXBuildFile; fileRef = F4D0FB6E2D332D4600220C36 /* Preview Assets.xcassets */; };
		F4D0FB762D332EDA00220C36 /* ScribbleView.swift in Sources */ = {isa = PBXBuildFile; fileRef = F4D0FB752D332ED900220C36 /* ScribbleView.swift */; };
		F4D0FB792D333BBB00220C36 /* b64+ext.swift in Sources */ = {isa = PBXBuildFile; fileRef = F4D0FB782D333BBB00220C36 /* b64+ext.swift */; };
		F4D0FB7B2D333D4E00220C36 /* EC2Request.swift in Sources */ = {isa = PBXBuildFile; fileRef = F4D0FB7A2D333D4E00220C36 /* EC2Request.swift */; };
/* End PBXBuildFile section */

/* Begin PBXFileReference section */
		F4D0FB642D332D4300220C36 /* iPadScribbleScript.app */ = {isa = PBXFileReference; explicitFileType = wrapper.application; includeInIndex = 0; path = iPadScribbleScript.app; sourceTree = BUILT_PRODUCTS_DIR; };
		F4D0FB672D332D4300220C36 /* iPadScribbleScriptApp.swift */ = {isa = PBXFileReference; lastKnownFileType = sourcecode.swift; path = iPadScribbleScriptApp.swift; sourceTree = "<group>"; };
		F4D0FB692D332D4300220C36 /* ContentView.swift */ = {isa = PBXFileReference; lastKnownFileType = sourcecode.swift; path = ContentView.swift; sourceTree = "<group>"; };
		F4D0FB6B2D332D4600220C36 /* Assets.xcassets */ = {isa = PBXFileReference; lastKnownFileType = folder.assetcatalog; path = Assets.xcassets; sourceTree = "<group>"; };
		F4D0FB6E2D332D4600220C36 /* Preview Assets.xcassets */ = {isa = PBXFileReference; lastKnownFileType = folder.assetcatalog; path = "Preview Assets.xcassets"; sourceTree = "<group>"; };
		F4D0FB752D332ED900220C36 /* ScribbleView.swift */ = {isa = PBXFileReference; lastKnownFileType = sourcecode.swift; path = ScribbleView.swift; sourceTree = "<group>"; };
		F4D0FB782D333BBB00220C36 /* b64+ext.swift */ = {isa = PBXFileReference; lastKnownFileType = sourcecode.swift; path = "b64+ext.swift"; sourceTree = "<group>"; };
		F4D0FB7A2D333D4E00220C36 /* EC2Request.swift */ = {isa = PBXFileReference; lastKnownFileType = sourcecode.swift; path = EC2Request.swift; sourceTree = "<group>"; };
		F4D0FB7C2D334B7E00220C36 /* Info.plist */ = {isa = PBXFileReference; lastKnownFileType = text.plist; path = Info.plist; sourceTree = "<group>"; };
/* End PBXFileReference section */

/* Begin PBXFrameworksBuildPhase section */
		F4D0FB612D332D4300220C36 /* Frameworks */ = {
			isa = PBXFrameworksBuildPhase;
			buildActionMask = 2147483647;
			files = (
			);
			runOnlyForDeploymentPostprocessing = 0;
		};
/* End PBXFrameworksBuildPhase section */

/* Begin PBXGroup section */
		F4D0FB5B2D332D4300220C36 = {
			isa = PBXGroup;
			children = (
				F4D0FB662D332D4300220C36 /* iPadScribbleScript */,
				F4D0FB652D332D4300220C36 /* Products */,
			);
			sourceTree = "<group>";
		};
		F4D0FB652D332D4300220C36 /* Products */ = {
			isa = PBXGroup;
			children = (
				F4D0FB642D332D4300220C36 /* iPadScribbleScript.app */,
			);
			name = Products;
			sourceTree = "<group>";
		};
		F4D0FB662D332D4300220C36 /* iPadScribbleScript */ = {
			isa = PBXGroup;
			children = (
				F4D0FB7C2D334B7E00220C36 /* Info.plist */,
				F4D0FB672D332D4300220C36 /* iPadScribbleScriptApp.swift */,
				F4D0FB692D332D4300220C36 /* ContentView.swift */,
				F4D0FB752D332ED900220C36 /* ScribbleView.swift */,
				F4D0FB7A2D333D4E00220C36 /* EC2Request.swift */,
				F4D0FB782D333BBB00220C36 /* b64+ext.swift */,
				F4D0FB6B2D332D4600220C36 /* Assets.xcassets */,
				F4D0FB6D2D332D4600220C36 /* Preview Content */,
			);
			path = iPadScribbleScript;
			sourceTree = "<group>";
		};
		F4D0FB6D2D332D4600220C36 /* Preview Content */ = {
			isa = PBXGroup;
			children = (
				F4D0FB6E2D332D4600220C36 /* Preview Assets.xcassets */,
			);
			path = "Preview Content";
			sourceTree = "<group>";
		};
/* End PBXGroup section */

/* Begin PBXNativeTarget section */
		F4D0FB632D332D4300220C36 /* iPadScribbleScript */ = {
			isa = PBXNativeTarget;
			buildConfigurationList = F4D0FB722D332D4600220C36 /* Build configuration list for PBXNativeTarget "iPadScribbleScript" */;
			buildPhases = (
				F4D0FB602D332D4300220C36 /* Sources */,
				F4D0FB612D332D4300220C36 /* Frameworks */,
				F4D0FB622D332D4300220C36 /* Resources */,
			);
			buildRules = (
			);
			dependencies = (
			);
			name = iPadScribbleScript;
			productName = iPadScribbleScript;
			productReference = F4D0FB642D332D4300220C36 /* iPadScribbleScript.app */;
			productType = "com.apple.product-type.application";
		};
/* End PBXNativeTarget section */

/* Begin PBXProject section */
		F4D0FB5C2D332D4300220C36 /* Project object */ = {
			isa = PBXProject;
			attributes = {
				BuildIndependentTargetsInParallel = 1;
				LastSwiftUpdateCheck = 1540;
				LastUpgradeCheck = 1540;
				TargetAttributes = {
					F4D0FB632D332D4300220C36 = {
						CreatedOnToolsVersion = 15.4;
					};
				};
			};
			buildConfigurationList = F4D0FB5F2D332D4300220C36 /* Build configuration list for PBXProject "iPadScribbleScript" */;
			compatibilityVersion = "Xcode 14.0";
			developmentRegion = en;
			hasScannedForEncodings = 0;
			knownRegions = (
				en,
				Base,
			);
			mainGroup = F4D0FB5B2D332D4300220C36;
			productRefGroup = F4D0FB652D332D4300220C36 /* Products */;
			projectDirPath = "";
			projectRoot = "";
			targets = (
				F4D0FB632D332D4300220C36 /* iPadScribbleScript */,
			);
		};
/* End PBXProject section */

/* Begin PBXResourcesBuildPhase section */
		F4D0FB622D332D4300220C36 /* Resources */ = {
			isa = PBXResourcesBuildPhase;
			buildActionMask = 2147483647;
			files = (
				F4D0FB6F2D332D4600220C36 /* Preview Assets.xcassets in Resources */,
				F4D0FB6C2D332D4600220C36 /* Assets.xcassets in Resources */,
			);
			runOnlyForDeploymentPostprocessing = 0;
		};
/* End PBXResourcesBuildPhase section */

/* Begin PBXSourcesBuildPhase section */
		F4D0FB602D332D4300220C36 /* Sources */ = {
			isa = PBXSourcesBuildPhase;
			buildActionMask = 2147483647;
			files = (
				F4D0FB792D333BBB00220C36 /* b64+ext.swift in Sources */,
				F4D0FB6A2D332D4300220C36 /* ContentView.swift in Sources */,
				F4D0FB682D332D4300220C36 /* iPadScribbleScriptApp.swift in Sources */,
				F4D0FB762D332EDA00220C36 /* ScribbleView.swift in Sources */,
				F4D0FB7B2D333D4E00220C36 /* EC2Request.swift in Sources */,
			);
			runOnlyForDeploymentPostprocessing = 0;
		};
/* End PBXSourcesBuildPhase section */

/* Begin XCBuildConfiguration section */
		F4D0FB702D332D4600220C36 /* Debug */ = {
			isa = XCBuildConfiguration;
			buildSettings = {
				ALWAYS_SEARCH_USER_PATHS = NO;
				ASSETCATALOG_COMPILER_GENERATE_SWIFT_ASSET_SYMBOL_EXTENSIONS = YES;
				CLANG_ANALYZER_NONNULL = YES;
				CLANG_ANALYZER_NUMBER_OBJECT_CONVERSION = YES_AGGRESSIVE;
				CLANG_CXX_LANGUAGE_STANDARD = "gnu++20";
				CLANG_ENABLE_MODULES = YES;
				CLANG_ENABLE_OBJC_ARC = YES;
				CLANG_ENABLE_OBJC_WEAK = YES;
				CLANG_WARN_BLOCK_CAPTURE_AUTORELEASING = YES;
				CLANG_WARN_BOOL_CONVERSION = YES;
				CLANG_WARN_COMMA = YES;
				CLANG_WARN_CONSTANT_CONVERSION = YES;
				CLANG_WARN_DEPRECATED_OBJC_IMPLEMENTATIONS = YES;
				CLANG_WARN_DIRECT_OBJC_ISA_USAGE = YES_ERROR;
				CLANG_WARN_DOCUMENTATION_COMMENTS = YES;
				CLANG_WARN_EMPTY_BODY = YES;
				CLANG_WARN_ENUM_CONVERSION = YES;
				CLANG_WARN_INFINITE_RECURSION = YES;
				CLANG_WARN_INT_CONVERSION = YES;
				CLANG_WARN_NON_LITERAL_NULL_CONVERSION = YES;
				CLANG_WARN_OBJC_IMPLICIT_RETAIN_SELF = YES;
				CLANG_WARN_OBJC_LITERAL_CONVERSION = YES;
				CLANG_WARN_OBJC_ROOT_CLASS = YES_ERROR;
				CLANG_WARN_QUOTED_INCLUDE_IN_FRAMEWORK_HEADER = YES;
				CLANG_WARN_RANGE_LOOP_ANALYSIS = YES;
				CLANG_WARN_STRICT_PROTOTYPES = YES;
				CLANG_WARN_SUSPICIOUS_MOVE = YES;
				CLANG_WARN_UNGUARDED_AVAILABILITY = YES_AGGRESSIVE;
				CLANG_WARN_UNREACHABLE_CODE = YES;
				CLANG_WARN__DUPLICATE_METHOD_MATCH = YES;
				COPY_PHASE_STRIP = NO;
				DEBUG_INFORMATION_FORMAT = dwarf;
				ENABLE_STRICT_OBJC_MSGSEND = YES;
				ENABLE_TESTABILITY = YES;
				ENABLE_USER_SCRIPT_SANDBOXING = YES;
				GCC_C_LANGUAGE_STANDARD = gnu17;
				GCC_DYNAMIC_NO_PIC = NO;
				GCC_NO_COMMON_BLOCKS = YES;
				GCC_OPTIMIZATION_LEVEL = 0;
				GCC_PREPROCESSOR_DEFINITIONS = (
					"DEBUG=1",
					"$(inherited)",
				);
				GCC_WARN_64_TO_32_BIT_CONVERSION = YES;
				GCC_WARN_ABOUT_RETURN_TYPE = YES_ERROR;
				GCC_WARN_UNDECLARED_SELECTOR = YES;
				GCC_WARN_UNINITIALIZED_AUTOS = YES_AGGRESSIVE;
				GCC_WARN_UNUSED_FUNCTION = YES;
				GCC_WARN_UNUSED_VARIABLE = YES;
				IPHONEOS_DEPLOYMENT_TARGET = 17.5;
				LOCALIZATION_PREFERS_STRING_CATALOGS = YES;
				MTL_ENABLE_DEBUG_INFO = INCLUDE_SOURCE;
				MTL_FAST_MATH = YES;
				ONLY_ACTIVE_ARCH = YES;
				SDKROOT = iphoneos;
				SWIFT_ACTIVE_COMPILATION_CONDITIONS = "DEBUG $(inherited)";
				SWIFT_OPTIMIZATION_LEVEL = "-Onone";
			};
			name = Debug;
		};
		F4D0FB712D332D4600220C36 /* Release */ = {
			isa = XCBuildConfiguration;
			buildSettings = {
				ALWAYS_SEARCH_USER_PATHS = NO;
				ASSETCATALOG_COMPILER_GENERATE_SWIFT_ASSET_SYMBOL_EXTENSIONS = YES;
				CLANG_ANALYZER_NONNULL = YES;
				CLANG_ANALYZER_NUMBER_OBJECT_CONVERSION = YES_AGGRESSIVE;
				CLANG_CXX_LANGUAGE_STANDARD = "gnu++20";
				CLANG_ENABLE_MODULES = YES;
				CLANG_ENABLE_OBJC_ARC = YES;
				CLANG_ENABLE_OBJC_WEAK = YES;
				CLANG_WARN_BLOCK_CAPTURE_AUTORELEASING = YES;
				CLANG_WARN_BOOL_CONVERSION = YES;
				CLANG_WARN_COMMA = YES;
				CLANG_WARN_CONSTANT_CONVERSION = YES;
				CLANG_WARN_DEPRECATED_OBJC_IMPLEMENTATIONS = YES;
				CLANG_WARN_DIRECT_OBJC_ISA_USAGE = YES_ERROR;
				CLANG_WARN_DOCUMENTATION_COMMENTS = YES;
				CLANG_WARN_EMPTY_BODY = YES;
				CLANG_WARN_ENUM_CONVERSION = YES;
				CLANG_WARN_INFINITE_RECURSION = YES;
				CLANG_WARN_INT_CONVERSION = YES;
				CLANG_WARN_NON_LITERAL_NULL_CONVERSION = YES;
				CLANG_WARN_OBJC_IMPLICIT_RETAIN_SELF = YES;
				CLANG_WARN_OBJC_LITERAL_CONVERSION = YES;
				CLANG_WARN_OBJC_ROOT_CLASS = YES_ERROR;
				CLANG_WARN_QUOTED_INCLUDE_IN_FRAMEWORK_HEADER = YES;
				CLANG_WARN_RANGE_LOOP_ANALYSIS = YES;
				CLANG_WARN_STRICT_PROTOTYPES = YES;
				CLANG_WARN_SUSPICIOUS_MOVE = YES;
				CLANG_WARN_UNGUARDED_AVAILABILITY = YES_AGGRESSIVE;
				CLANG_WARN_UNREACHABLE_CODE = YES;
				CLANG_WARN__DUPLICATE_METHOD_MATCH = YES;
				COPY_PHASE_STRIP = NO;
				DEBUG_INFORMATION_FORMAT = "dwarf-with-dsym";
				ENABLE_NS_ASSERTIONS = NO;
				ENABLE_STRICT_OBJC_MSGSEND = YES;
				ENABLE_USER_SCRIPT_SANDBOXING = YES;
				GCC_C_LANGUAGE_STANDARD = gnu17;
				GCC_NO_COMMON_BLOCKS = YES;
				GCC_WARN_64_TO_32_BIT_CONVERSION = YES;
				GCC_WARN_ABOUT_RETURN_TYPE = YES_ERROR;
				GCC_WARN_UNDECLARED_SELECTOR = YES;
				GCC_WARN_UNINITIALIZED_AUTOS = YES_AGGRESSIVE;
				GCC_WARN_UNUSED_FUNCTION = YES;
				GCC_WARN_UNUSED_VARIABLE = YES;
				IPHONEOS_DEPLOYMENT_TARGET = 17.5;
				LOCALIZATION_PREFERS_STRING_CATALOGS = YES;
				MTL_ENABLE_DEBUG_INFO = NO;
				MTL_FAST_MATH = YES;
				SDKROOT = iphoneos;
				SWIFT_COMPILATION_MODE = wholemodule;
				VALIDATE_PRODUCT = YES;
			};
			name = Release;
		};
		F4D0FB732D332D4600220C36 /* Debug */ = {
			isa = XCBuildConfiguration;
			buildSettings = {
				ASSETCATALOG_COMPILER_APPICON_NAME = AppIcon;
				ASSETCATALOG_COMPILER_GLOBAL_ACCENT_COLOR_NAME = AccentColor;
				CODE_SIGN_STYLE = Automatic;
				CURRENT_PROJECT_VERSION = 1;
				DEVELOPMENT_ASSET_PATHS = "\"iPadScribbleScript/Preview Content\"";
				DEVELOPMENT_TEAM = 347C6X6X6T;
				ENABLE_PREVIEWS = YES;
				GENERATE_INFOPLIST_FILE = YES;
				INFOPLIST_FILE = iPadScribbleScript/Info.plist;
				INFOPLIST_KEY_UIApplicationSceneManifest_Generation = YES;
				INFOPLIST_KEY_UIApplicationSupportsIndirectInputEvents = YES;
				INFOPLIST_KEY_UILaunchScreen_Generation = YES;
				INFOPLIST_KEY_UISupportedInterfaceOrientations_iPad = "UIInterfaceOrientationPortrait UIInterfaceOrientationPortraitUpsideDown UIInterfaceOrientationLandscapeLeft UIInterfaceOrientationLandscapeRight";
				INFOPLIST_KEY_UISupportedInterfaceOrientations_iPhone = "UIInterfaceOrientationPortrait UIInterfaceOrientationLandscapeLeft UIInterfaceOrientationLandscapeRight";
				LD_RUNPATH_SEARCH_PATHS = (
					"$(inherited)",
					"@executable_path/Frameworks",
				);
				MARKETING_VERSION = 1.0;
				PRODUCT_BUNDLE_IDENTIFIER = com.original.iPadScribbleScript;
				PRODUCT_NAME = "$(TARGET_NAME)";
				SWIFT_EMIT_LOC_STRINGS = YES;
				SWIFT_VERSION = 5.0;
				TARGETED_DEVICE_FAMILY = "1,2";
			};
			name = Debug;
		};
		F4D0FB742D332D4600220C36 /* Release */ = {
			isa = XCBuildConfiguration;
			buildSettings = {
				ASSETCATALOG_COMPILER_APPICON_NAME = AppIcon;
				ASSETCATALOG_COMPILER_GLOBAL_ACCENT_COLOR_NAME = AccentColor;
				CODE_SIGN_STYLE = Automatic;
				CURRENT_PROJECT_VERSION = 1;
				DEVELOPMENT_ASSET_PATHS = "\"iPadScribbleScript/Preview Content\"";
				DEVELOPMENT_TEAM = 347C6X6X6T;
				ENABLE_PREVIEWS = YES;
				GENERATE_INFOPLIST_FILE = YES;
				INFOPLIST_FILE = iPadScribbleScript/Info.plist;
				INFOPLIST_KEY_UIApplicationSceneManifest_Generation = YES;
				INFOPLIST_KEY_UIApplicationSupportsIndirectInputEvents = YES;
				INFOPLIST_KEY_UILaunchScreen_Generation = YES;
				INFOPLIST_KEY_UISupportedInterfaceOrientations_iPad = "UIInterfaceOrientationPortrait UIInterfaceOrientationPortraitUpsideDown UIInterfaceOrientationLandscapeLeft UIInterfaceOrientationLandscapeRight";
				INFOPLIST_KEY_UISupportedInterfaceOrientations_iPhone = "UIInterfaceOrientationPortrait UIInterfaceOrientationLandscapeLeft UIInterfaceOrientationLandscapeRight";
				LD_RUNPATH_SEARCH_PATHS = (
					"$(inherited)",
					"@executable_path/Frameworks",
				);
				MARKETING_VERSION = 1.0;
				PRODUCT_BUNDLE_IDENTIFIER = com.original.iPadScribbleScript;
				PRODUCT_NAME = "$(TARGET_NAME)";
				SWIFT_EMIT_LOC_STRINGS = YES;
				SWIFT_VERSION = 5.0;
				TARGETED_DEVICE_FAMILY = "1,2";
			};
			name = Release;
		};
/* End XCBuildConfiguration section */

/* Begin XCConfigurationList section */
		F4D0FB5F2D332D4300220C36 /* Build configuration list for PBXProject "iPadScribbleScript" */ = {
			isa = XCConfigurationList;
			buildConfigurations = (
				F4D0FB702D332D4600220C36 /* Debug */,
				F4D0FB712D332D4600220C36 /* Release */,
			);
			defaultConfigurationIsVisible = 0;
			defaultConfigurationName = Release;
		};
		F4D0FB722D332D4600220C36 /* Build configuration list for PBXNativeTarget "iPadScribbleScript" */ = {
			isa = XCConfigurationList;
			buildConfigurations = (
				F4D0FB732D332D4600220C36 /* Debug */,
				F4D0FB742D332D4600220C36 /* Release */,
			);
			defaultConfigurationIsVisible = 0;
			defaultConfigurationName = Release;
		};
/* End XCConfigurationList section */
	};
	rootObject = F4D0FB5C2D332D4300220C36 /* Project object */;
}
